
Microsoft Visual Studio Solution File, Format Version 12.00
# Visual Studio Version 16
VisualStudioVersion = 16.0.28922.388
MinimumVisualStudioVersion = 10.0.40219.1
Project("{FAE04EC0-301F-11D3-BF4B-00C04F79EFBC}") = "TOWAM2021", "TOWAM2021\TOWAM2021.csproj", "{A11B0E7A-FC14-40A8-A5FB-D326C3B72B85}"
EndProject
Global
	GlobalSection(SolutionConfigurationPlatforms) = preSolution
		Debug|Any CPU = Debug|Any CPU
		Release|Any CPU = Release|Any CPU
	EndGlobalSection
	GlobalSection(ProjectConfigurationPlatforms) = postSolution
		{A11B0E7A-FC14-40A8-A5FB-D326C3B72B85}.Debug|Any CPU.ActiveCfg = Debug|Any CPU
		{A11B0E7A-FC14-40A8-A5FB-D326C3B72B85}.Debug|Any CPU.Build.0 = Debug|Any CPU
		{A11B0E7A-FC14-40A8-A5FB-D326C3B72B85}.Release|Any CPU.ActiveCfg = Release|Any CPU
		{A11B0E7A-FC14-40A8-A5FB-D326C3B72B85}.Release|Any CPU.Build.0 = Release|Any CPU
	EndGlobalSection
	GlobalSection(SolutionProperties) = preSolution
		HideSolutionNode = FALSE
	EndGlobalSection
	GlobalSection(ExtensibilityGlobals) = postSolution
		SolutionGuid = {7946B200-93E9-4B94-9887-DDD5A719E8F0}
	EndGlobalSection
EndGlobal
